# THIS IS AN AUTOGENERATED FILE. DO NOT EDIT THIS FILE DIRECTLY.
# yarn lockfile v1


esm@^3.2.25:
  version "3.2.25"
  resolved "https://registry.yarnpkg.com/esm/-/esm-3.2.25.tgz#342c18c29d56157688ba5ce31f8431fbb795cc10"
  integrity sha512-U1suiZ2oDVWv4zPO56S0NcR5QriEahGtdN2OR6FiOG4WJvcjBVFB0qI4+eKoWFH483PKGuLuu6V8Z4T5g63UVA==

node-fetch@2.6.1:
  version "2.6.1"
  resolved "https://registry.yarnpkg.com/node-fetch/-/node-fetch-2.6.1.tgz#045bd323631f76ed2e2b55573394416b639a0052"
  integrity sha512-V4aYg89jEoVRxRb2fJdAg8FHvI7cEyYdVAh94HH0UIK8oJxUfkjlDQN9RbMx+bEjP7+ggMiFRprSti032Oipxw==

tmi.js@^1.5.0:
  version "1.7.1"
  resolved "https://registry.yarnpkg.com/tmi.js/-/tmi.js-1.7.1.tgz#dbd250e49a35ad238eec29bd2237c8efe4db6555"
  integrity sha512-QCGDjVT0i8GZ99paBsaXDvd++A7PzW051S2BSXClMni5gDj5wUV6+YIZAwUtLkvbR/lD9QlqjNJloCNuFYGo+A==
  dependencies:
    node-fetch "2.6.1"
    ws "7.4.0"

ws@7.4.0:
  version "7.4.0"
  resolved "https://registry.yarnpkg.com/ws/-/ws-7.4.0.tgz#a5dd76a24197940d4a8bb9e0e152bb4503764da7"
  integrity sha512-kyFwXuV/5ymf+IXhS6f0+eAFvydbaBW3zjpT6hUdAh/hbVjTIB5EHBGi0bPoCLSK2wcuz3BrEkB9LrYv1Nm4NQ==
